
Microsoft Visual Studio Solution File, Format Version 12.00
# Visual Studio Version 17
VisualStudioVersion = 17.11.35222.181
MinimumVisualStudioVersion = 10.0.40219.1
Project("{FAE04EC0-301F-11D3-BF4B-00C04F79EFBC}") = "BusSystemAnalyzer", "BusSystemAnalyzer.csproj", "{03CE1375-592C-4C70-9266-EFF4DA45DB22}"
EndProject
Global
	GlobalSection(SolutionConfigurationPlatforms) = preSolution
		Debug|Any CPU = Debug|Any CPU
		Release|Any CPU = Release|Any CPU
	EndGlobalSection
	GlobalSection(ProjectConfigurationPlatforms) = postSolution
		{03CE1375-592C-4C70-9266-EFF4DA45DB22}.Debug|Any CPU.ActiveCfg = Debug|Any CPU
		{03CE1375-592C-4C70-9266-EFF4DA45DB22}.Debug|Any CPU.Build.0 = Debug|Any CPU
		{03CE1375-592C-4C70-9266-EFF4DA45DB22}.Release|Any CPU.ActiveCfg = Release|Any CPU
		{03CE1375-592C-4C70-9266-EFF4DA45DB22}.Release|Any CPU.Build.0 = Release|Any CPU
	EndGlobalSection
	GlobalSection(SolutionProperties) = preSolution
		HideSolutionNode = FALSE
	EndGlobalSection
	GlobalSection(ExtensibilityGlobals) = postSolution
		SolutionGuid = {5F5DBD85-C7D7-42F1-AB9F-C2610CDE4785}
	EndGlobalSection
EndGlobal
